
Microsoft Visual Studio Solution File, Format Version 12.00
# Visual Studio Version 17
VisualStudioVersion = 17.6.33723.286
MinimumVisualStudioVersion = 10.0.40219.1
Project("{FAE04EC0-301F-11D3-BF4B-00C04F79EFBC}") = "CuadradoPoo2023.Consola", "CuadradoPoo2023.Consola\CuadradoPoo2023.Consola.csproj", "{7A690FEA-28A4-46FE-8491-2C02054C2441}"
EndProject
Project("{FAE04EC0-301F-11D3-BF4B-00C04F79EFBC}") = "CuadradoPoo2023.Entidades", "CuadradoPoo2023.Entidades\CuadradoPoo2023.Entidades.csproj", "{3AB41BA2-363A-4F78-9345-9E75AE1AE4B2}"
EndProject
Project("{FAE04EC0-301F-11D3-BF4B-00C04F79EFBC}") = "CuadradoPoo2023.Testing", "CuadradoPoo2023.Testing\CuadradoPoo2023.Testing.csproj", "{5C8C390B-879D-4A9D-9454-165894E0B40E}"
EndProject
Global
	GlobalSection(SolutionConfigurationPlatforms) = preSolution
		Debug|Any CPU = Debug|Any CPU
		Release|Any CPU = Release|Any CPU
	EndGlobalSection
	GlobalSection(ProjectConfigurationPlatforms) = postSolution
		{7A690FEA-28A4-46FE-8491-2C02054C2441}.Debug|Any CPU.ActiveCfg = Debug|Any CPU
		{7A690FEA-28A4-46FE-8491-2C02054C2441}.Debug|Any CPU.Build.0 = Debug|Any CPU
		{7A690FEA-28A4-46FE-8491-2C02054C2441}.Release|Any CPU.ActiveCfg = Release|Any CPU
		{7A690FEA-28A4-46FE-8491-2C02054C2441}.Release|Any CPU.Build.0 = Release|Any CPU
		{3AB41BA2-363A-4F78-9345-9E75AE1AE4B2}.Debug|Any CPU.ActiveCfg = Debug|Any CPU
		{3AB41BA2-363A-4F78-9345-9E75AE1AE4B2}.Debug|Any CPU.Build.0 = Debug|Any CPU
		{3AB41BA2-363A-4F78-9345-9E75AE1AE4B2}.Release|Any CPU.ActiveCfg = Release|Any CPU
		{3AB41BA2-363A-4F78-9345-9E75AE1AE4B2}.Release|Any CPU.Build.0 = Release|Any CPU
		{5C8C390B-879D-4A9D-9454-165894E0B40E}.Debug|Any CPU.ActiveCfg = Debug|Any CPU
		{5C8C390B-879D-4A9D-9454-165894E0B40E}.Debug|Any CPU.Build.0 = Debug|Any CPU
		{5C8C390B-879D-4A9D-9454-165894E0B40E}.Release|Any CPU.ActiveCfg = Release|Any CPU
		{5C8C390B-879D-4A9D-9454-165894E0B40E}.Release|Any CPU.Build.0 = Release|Any CPU
	EndGlobalSection
	GlobalSection(SolutionProperties) = preSolution
		HideSolutionNode = FALSE
	EndGlobalSection
	GlobalSection(ExtensibilityGlobals) = postSolution
		SolutionGuid = {B7FD9B20-3955-4FCE-9843-ED8B964E8E16}
	EndGlobalSection
EndGlobal
